{
  "version": "0.1.3",
  "baseline": {
    "version": "0.1.2",
    "fingerprint": "2d3e6b5d762688a45dfa31eaa12e7bbed362f40db989ee68212bab146a4e9d04"
  },
  "files": [
    "crates/mixengine-elevate/src/audit.rs",
    "crates/mixengine-elevate/src/candidate.rs",
    "crates/mixengine-elevate/src/firewall.rs",
    "crates/mixengine-elevate/src/helper.rs",
    "crates/mixengine-elevate/src/hosts.rs",
    "crates/mixengine-elevate/src/main.rs",
    "crates/mixengine-elevate/src/ops.rs",
    "crates/mixengine-elevate/src/port_access.rs",
    "crates/mixengine-elevate/src/request.rs",
    "crates/mixengine-elevate/src/resolver.rs",
    "crates/mixengine-elevate/src/trust.rs",
    "crates/mixengine-platform/src/elevated.rs",
    "crates/mixengine-platform/src/firewall/mod.rs",
    "crates/mixengine-platform/src/firewall/netsh.rs",
    "crates/mixengine-platform/src/firewall/unix_tools.rs",
    "crates/mixengine-platform/src/hosts.rs",
    "crates/mixengine-platform/src/install.rs",
    "crates/mixengine-platform/src/lib.rs",
    "crates/mixengine-platform/src/linux/elevated.rs",
    "crates/mixengine-platform/src/linux/firewall.rs",
    "crates/mixengine-platform/src/linux/install.rs",
    "crates/mixengine-platform/src/linux/mod.rs",
    "crates/mixengine-platform/src/linux/port_access.rs",
    "crates/mixengine-platform/src/linux/resolver.rs",
    "crates/mixengine-platform/src/linux/trust.rs",
    "crates/mixengine-platform/src/lock.rs",
    "crates/mixengine-platform/src/macos/elevated.rs",
    "crates/mixengine-platform/src/macos/firewall.rs",
    "crates/mixengine-platform/src/macos/install.rs",
    "crates/mixengine-platform/src/macos/mod.rs",
    "crates/mixengine-platform/src/macos/port_access.rs",
    "crates/mixengine-platform/src/macos/resolver.rs",
    "crates/mixengine-platform/src/macos/trust.rs",
    "crates/mixengine-platform/src/markers.rs",
    "crates/mixengine-platform/src/packages.rs",
    "crates/mixengine-platform/src/paths.rs",
    "crates/mixengine-platform/src/port_access/capability.rs",
    "crates/mixengine-platform/src/port_access/mod.rs",
    "crates/mixengine-platform/src/port_access/pf.rs",
    "crates/mixengine-platform/src/resolver/directory.rs",
    "crates/mixengine-platform/src/resolver/mod.rs",
    "crates/mixengine-platform/src/resolver/networkd.rs",
    "crates/mixengine-platform/src/resolver/nrpt.rs",
    "crates/mixengine-platform/src/tombstone.rs",
    "crates/mixengine-platform/src/trust/check.rs",
    "crates/mixengine-platform/src/trust/der.rs",
    "crates/mixengine-platform/src/trust/mod.rs",
    "crates/mixengine-platform/src/trust/pem.rs",
    "crates/mixengine-platform/src/unix/elevated.rs",
    "crates/mixengine-platform/src/unix/hosts.rs",
    "crates/mixengine-platform/src/unix/install.rs",
    "crates/mixengine-platform/src/unix/lock.rs",
    "crates/mixengine-platform/src/unix/mod.rs",
    "crates/mixengine-platform/src/unix/replace.rs",
    "crates/mixengine-platform/src/windows/command.rs",
    "crates/mixengine-platform/src/windows/elevated.rs",
    "crates/mixengine-platform/src/windows/firewall.rs",
    "crates/mixengine-platform/src/windows/fullname.rs",
    "crates/mixengine-platform/src/windows/hosts.rs",
    "crates/mixengine-platform/src/windows/install.rs",
    "crates/mixengine-platform/src/windows/known_folder.rs",
    "crates/mixengine-platform/src/windows/lock.rs",
    "crates/mixengine-platform/src/windows/mod.rs",
    "crates/mixengine-platform/src/windows/port_access.rs",
    "crates/mixengine-platform/src/windows/replace.rs",
    "crates/mixengine-platform/src/windows/resolver.rs",
    "crates/mixengine-platform/src/windows/sid.rs",
    "crates/mixengine-platform/src/windows/store.rs",
    "crates/mixengine-platform/src/windows/trust.rs",
    "crates/mixengine-proto/src/autostart_api.rs",
    "crates/mixengine-proto/src/blueprint.rs",
    "crates/mixengine-proto/src/blueprint_api.rs",
    "crates/mixengine-proto/src/bundle_api.rs",
    "crates/mixengine-proto/src/cert_api.rs",
    "crates/mixengine-proto/src/crash.rs",
    "crates/mixengine-proto/src/daemon.rs",
    "crates/mixengine-proto/src/database.rs",
    "crates/mixengine-proto/src/database_api.rs",
    "crates/mixengine-proto/src/disk_api.rs",
    "crates/mixengine-proto/src/doctor_api.rs",
    "crates/mixengine-proto/src/domain_api.rs",
    "crates/mixengine-proto/src/domains.rs",
    "crates/mixengine-proto/src/elevation.rs",
    "crates/mixengine-proto/src/error.rs",
    "crates/mixengine-proto/src/event.rs",
    "crates/mixengine-proto/src/extension.rs",
    "crates/mixengine-proto/src/extension_api.rs",
    "crates/mixengine-proto/src/job.rs",
    "crates/mixengine-proto/src/job_api.rs",
    "crates/mixengine-proto/src/lib.rs",
    "crates/mixengine-proto/src/limits.rs",
    "crates/mixengine-proto/src/log.rs",
    "crates/mixengine-proto/src/metrics.rs",
    "crates/mixengine-proto/src/package_api.rs",
    "crates/mixengine-proto/src/path_api.rs",
    "crates/mixengine-proto/src/privileged.rs",
    "crates/mixengine-proto/src/project_api.rs",
    "crates/mixengine-proto/src/repair_api.rs",
    "crates/mixengine-proto/src/requirement.rs",
    "crates/mixengine-proto/src/restore_api.rs",
    "crates/mixengine-proto/src/rpc.rs",
    "crates/mixengine-proto/src/runtime.rs",
    "crates/mixengine-proto/src/runtime_api.rs",
    "crates/mixengine-proto/src/service.rs",
    "crates/mixengine-proto/src/service_api.rs",
    "crates/mixengine-proto/src/site_api.rs",
    "crates/mixengine-proto/src/state.rs",
    "crates/mixengine-proto/src/storage_api.rs",
    "crates/mixengine-proto/src/time.rs",
    "crates/mixengine-proto/src/uninstall_api.rs",
    "crates/mixengine-proto/src/update_api.rs",
    "crates/mixengine-proto/src/version.rs"
  ]
}
